version: 6
environments:
  default:
    channels:
    - url: https://conda.anaconda.org/conda-forge/
    options:
      pypi-prerelease-mode: if-necessary-or-explicit
    packages:
      osx-arm64:
      - conda: https://conda.anaconda.org/conda-forge/osx-arm64/dart-sass-1.99.0-h820172f_0.conda
      - conda: https://conda.anaconda.org/conda-forge/osx-arm64/deno-2.4.5-h248350f_0.conda
      - conda: https://conda.anaconda.org/conda-forge/osx-arm64/deno-dom-0.1.41-hde76f7a_0.conda
      - conda: https://conda.anaconda.org/conda-forge/osx-arm64/esbuild-0.28.0-hf76c51c_0.conda
      - conda: https://conda.anaconda.org/conda-forge/osx-arm64/libzlib-1.3.2-h8088a28_2.conda
      - conda: https://conda.anaconda.org/conda-forge/osx-arm64/pandoc-3.8.3-hce30654_0.conda
      - conda: https://conda.anaconda.org/conda-forge/osx-arm64/quarto-1.9.37-h94a8160_0.conda
      - conda: https://conda.anaconda.org/conda-forge/osx-arm64/typst-0.14.2-hd1458d2_0.conda
      win-64:
      - conda: https://conda.anaconda.org/conda-forge/win-64/dart-sass-1.99.0-h11686cb_0.conda
      - conda: https://conda.anaconda.org/conda-forge/win-64/deno-2.4.5-h9135563_0.conda
      - conda: https://conda.anaconda.org/conda-forge/win-64/deno-dom-0.1.41-h1a6af48_0.conda
      - conda: https://conda.anaconda.org/conda-forge/win-64/esbuild-0.28.0-h11686cb_0.conda
      - conda: https://conda.anaconda.org/conda-forge/win-64/pandoc-3.8.3-h57928b3_0.conda
      - conda: https://conda.anaconda.org/conda-forge/win-64/quarto-1.9.37-h0e8a320_0.conda
      - conda: https://conda.anaconda.org/conda-forge/win-64/typst-0.14.2-h77a83cd_0.conda
      - conda: https://conda.anaconda.org/conda-forge/win-64/ucrt-10.0.26100.0-h57928b3_0.conda
      - conda: https://conda.anaconda.org/conda-forge/win-64/vc-14.3-h41ae7f8_34.conda
      - conda: https://conda.anaconda.org/conda-forge/win-64/vc14_runtime-14.44.35208-h818238b_34.conda
      - conda: https://conda.anaconda.org/conda-forge/win-64/vcomp14-14.44.35208-h818238b_34.conda
packages:
- conda: https://conda.anaconda.org/conda-forge/osx-arm64/dart-sass-1.99.0-h820172f_0.conda
  sha256: 730882756ed32ab2462d32222fd0a11f81e4c6cdd3e5eaa77ac9542270fa7d1a
  md5: e06810706fcd8bb874f0f3808a82abfe
  license: MIT
  size: 3723680
  timestamp: 1776778530829
- conda: https://conda.anaconda.org/conda-forge/win-64/dart-sass-1.99.0-h11686cb_0.conda
  sha256: 08fd280d34bfbe5e5d2d43a676a7291575be14e1bf86d58eb8b4e5395169e664
  md5: 5eda0b5387229c2d7e44593975b99a25
  license: MIT
  size: 4008834
  timestamp: 1776778551413
- conda: https://conda.anaconda.org/conda-forge/osx-arm64/deno-2.4.5-h248350f_0.conda
  sha256: a58cfdd110f9a08f60ba9636094096a0665bbcd47422fa9eb4aa510801175ec0
  md5: 2190a7bbed5d068ea14c6dc9db1c0f09
  depends:
  - __osx >=11.0
  - libzlib >=1.3.2,<2.0a0
  constrains:
  - __osx >=11.0
  license: MIT
  size: 35445880
  timestamp: 1776774792403
- conda: https://conda.anaconda.org/conda-forge/win-64/deno-2.4.5-h9135563_0.conda
  sha256: ec2b52d16b8de758142d5aee3f97bc9fa34850f9a6753e188d03f806acbee205
  md5: d652d13c4a2fc47e8120cb1639a72597
  depends:
  - vc >=14.3,<15
  - vc14_runtime >=14.44.35208
  - ucrt >=10.0.20348.0
  - vc >=14.3
  license: MIT
  size: 38773826
  timestamp: 1776774858202
- conda: https://conda.anaconda.org/conda-forge/osx-arm64/deno-dom-0.1.41-hde76f7a_0.conda
  sha256: 4a92d9c785bccae80961875900eb7b86149737b7a219e66b27dfcbfff4a1798b
  md5: 02bff7fa3d076f6351ef027cd682c6e4
  depends:
  - __osx >=11.0
  - deno >=1.24.2
  constrains:
  - __osx >=11.0
  license: MIT
  license_family: MIT
  size: 367613
  timestamp: 1736703524102
- conda: https://conda.anaconda.org/conda-forge/win-64/deno-dom-0.1.41-h1a6af48_0.conda
  sha256: 199ed9fea4d58cea10572cc5a7fb3ad0fbefd189cb785667639dbfc4210ed2ab
  md5: 84bc9003c48bf69d4663b00f692404cb
  depends:
  - deno >=1.24.2
  - ucrt >=10.0.20348.0
  - vc >=14.3,<15
  - vc14_runtime >=14.42.34433
  license: MIT
  license_family: MIT
  size: 294346
  timestamp: 1736703764252
- conda: https://conda.anaconda.org/conda-forge/osx-arm64/esbuild-0.28.0-hf76c51c_0.conda
  sha256: 6b42dccebd51fbcc924926ccf901666254c189669420ffe9ded8e647c00f725f
  md5: d3b809d98eebca3c42d35eca9fc3c467
  license: MIT
  license_family: MIT
  size: 4035759
  timestamp: 1775172168189
- conda: https://conda.anaconda.org/conda-forge/win-64/esbuild-0.28.0-h11686cb_0.conda
  sha256: 29b3cc31bd7b89fd044b4bf3f26f4627f220e33277d1d66a09db447880b44a95
  md5: 86e2c879a15d37e61908d03bf51caea5
  license: MIT
  license_family: MIT
  size: 4376929
  timestamp: 1775172086933
- conda: https://conda.anaconda.org/conda-forge/osx-arm64/libzlib-1.3.2-h8088a28_2.conda
  sha256: 361415a698514b19a852f5d1123c5da746d4642139904156ddfca7c922d23a05
  md5: bc5a5721b6439f2f62a84f2548136082
  depends:
  - __osx >=11.0
  constrains:
  - zlib 1.3.2 *_2
  license: Zlib
  license_family: Other
  size: 47759
  timestamp: 1774072956767
- conda: https://conda.anaconda.org/conda-forge/osx-arm64/pandoc-3.8.3-hce30654_0.conda
  sha256: 39af2080d16088c0b9c19db5d0f8b2c845e70c428126a4773d0e54b609d8af91
  md5: 68bc0f4209fe5cbb03a401177f3a36c2
  license: GPL-2.0-or-later
  license_family: GPL
  size: 28522262
  timestamp: 1764589967786
- conda: https://conda.anaconda.org/conda-forge/win-64/pandoc-3.8.3-h57928b3_0.conda
  sha256: b3d37c502e405e7d1997a028e7eae246acd52436eacdd4f053cb345bde0da8a9
  md5: 904ca93f4f00a75ee3c49147cb00f14d
  license: GPL-2.0-or-later
  license_family: GPL
  size: 26699611
  timestamp: 1764589773519
- conda: https://conda.anaconda.org/conda-forge/osx-arm64/quarto-1.9.37-h94a8160_0.conda
  sha256: 873a387a8cf2978b073f346d62bd885129cdba1863a5163b7aaa2e1b50dd2e7b
  md5: 70df3eeca21c57ba071381cfb4d51b6e
  depends:
  - __osx >=11.0
  - dart-sass
  - deno >=2.4.5,<2.4.6.0a0
  - deno-dom >=0.1.41,<0.1.42.0a0
  - esbuild
  - pandoc 3.8.3
  - typst 0.14.2
  constrains:
  - __osx >=11.0
  license: MIT
  size: 26289523
  timestamp: 1777018181712
- conda: https://conda.anaconda.org/conda-forge/win-64/quarto-1.9.37-h0e8a320_0.conda
  sha256: 31eadda9d8dac4f42ccff292022cdfddd1d3c8df01ac0b752b0f84aa91997a2b
  md5: 972ce51405d5bd3dd4d77e06c067335d
  depends:
  - dart-sass
  - deno >=2.4.5,<2.4.6.0a0
  - deno-dom >=0.1.41,<0.1.42.0a0
  - esbuild
  - pandoc 3.8.3
  - typst 0.14.2
  - ucrt >=10.0.20348.0
  - vc >=14.3,<15
  - vc14_runtime >=14.44.35208
  license: MIT
  size: 26143266
  timestamp: 1777017535986
- conda: https://conda.anaconda.org/conda-forge/osx-arm64/typst-0.14.2-hd1458d2_0.conda
  sha256: 201e08fc74e3dc8161d583bb50d23ae07b4537c5efa41c8a7e1ba46a30261ea6
  md5: 750223ac708cb65d0d32fa61d84e35e4
  depends:
  - __osx >=11.0
  constrains:
  - __osx >=11.0
  license: Apache-2.0
  license_family: Apache
  size: 14708782
  timestamp: 1765697750603
- conda: https://conda.anaconda.org/conda-forge/win-64/typst-0.14.2-h77a83cd_0.conda
  sha256: 6e6f4dfb5d3e43d627e248723ccc963c7889fc59e7039c67b4d6ca2aea20ea99
  md5: c7d150437cdf4a2facdb156fe1dbe9b7
  depends:
  - ucrt >=10.0.20348.0
  - vc >=14.3,<15
  - vc14_runtime >=14.44.35208
  license: Apache-2.0
  license_family: Apache
  size: 15463461
  timestamp: 1765698111186
- conda: https://conda.anaconda.org/conda-forge/win-64/ucrt-10.0.26100.0-h57928b3_0.conda
  sha256: 3005729dce6f3d3f5ec91dfc49fc75a0095f9cd23bab49efb899657297ac91a5
  md5: 71b24316859acd00bdb8b38f5e2ce328
  constrains:
  - vc14_runtime >=14.29.30037
  - vs2015_runtime >=14.29.30037
  license: LicenseRef-MicrosoftWindowsSDK10
  size: 694692
  timestamp: 1756385147981
- conda: https://conda.anaconda.org/conda-forge/win-64/vc-14.3-h41ae7f8_34.conda
  sha256: 9dc40c2610a6e6727d635c62cced5ef30b7b30123f5ef67d6139e23d21744b3a
  md5: 1e610f2416b6acdd231c5f573d754a0f
  depends:
  - vc14_runtime >=14.44.35208
  track_features:
  - vc14
  license: BSD-3-Clause
  license_family: BSD
  size: 19356
  timestamp: 1767320221521
- conda: https://conda.anaconda.org/conda-forge/win-64/vc14_runtime-14.44.35208-h818238b_34.conda
  sha256: 02732f953292cce179de9b633e74928037fa3741eb5ef91c3f8bae4f761d32a5
  md5: 37eb311485d2d8b2c419449582046a42
  depends:
  - ucrt >=10.0.20348.0
  - vcomp14 14.44.35208 h818238b_34
  constrains:
  - vs2015_runtime 14.44.35208.* *_34
  license: LicenseRef-MicrosoftVisualCpp2015-2022Runtime
  license_family: Proprietary
  size: 683233
  timestamp: 1767320219644
- conda: https://conda.anaconda.org/conda-forge/win-64/vcomp14-14.44.35208-h818238b_34.conda
  sha256: 878d5d10318b119bd98ed3ed874bd467acbe21996e1d81597a1dbf8030ea0ce6
  md5: 242d9f25d2ae60c76b38a5e42858e51d
  depends:
  - ucrt >=10.0.20348.0
  constrains:
  - vs2015_runtime 14.44.35208.* *_34
  license: LicenseRef-MicrosoftVisualCpp2015-2022Runtime
  license_family: Proprietary
  size: 115235
  timestamp: 1767320173250
